// !$*UTF8*$!
{
	archiveVersion = 1;
	classes = {
	};
	objectVersion = 46;
	objects = {

/* Begin PBXBuildFile section */
		BA3492E91B66E74600800939 /* AppDelegate.swift in Sources */ = {isa = PBXBuildFile; fileRef = BA3492E81B66E74600800939 /* AppDelegate.swift */; };
		BA3492EE1B66E74600800939 /* MasterViewController.swift in Sources */ = {isa = PBXBuildFile; fileRef = BA3492ED1B66E74600800939 /* MasterViewController.swift */; };
		BA3492F01B66E74600800939 /* DetailViewController.swift in Sources */ = {isa = PBXBuildFile; fileRef = BA3492EF1B66E74600800939 /* DetailViewController.swift */; };
		BA3492F31B66E74600800939 /* Main.storyboard in Resources */ = {isa = PBXBuildFile; fileRef = BA3492F11B66E74600800939 /* Main.storyboard */; };
		BA3492F51B66E74600800939 /* Images.xcassets in Resources */ = {isa = PBXBuildFile; fileRef = BA3492F41B66E74600800939 /* Images.xcassets */; };
		BA3492F81B66E74600800939 /* LaunchScreen.xib in Resources */ = {isa = PBXBuildFile; fileRef = BA3492F61B66E74600800939 /* LaunchScreen.xib */; };
		BA3493041B66E74600800939 /* BlocNotesTests.swift in Sources */ = {isa = PBXBuildFile; fileRef = BA3493031B66E74600800939 /* BlocNotesTests.swift */; };
		BA3493141B680EFA00800939 /* Note.swift in Sources */ = {isa = PBXBuildFile; fileRef = BA3493131B680EFA00800939 /* Note.swift */; };
		BA34933A1B6AD8FB00800939 /* ShareViewController.swift in Sources */ = {isa = PBXBuildFile; fileRef = BA3493391B6AD8FB00800939 /* ShareViewController.swift */; };
		BA34933C1B6AD8FB00800939 /* MainInterface.storyboard in Resources */ = {isa = PBXBuildFile; fileRef = BA34933B1B6AD8FB00800939 /* MainInterface.storyboard */; };
		BA34933F1B6AD8FB00800939 /* ShareExtension.appex in Embed App Extensions */ = {isa = PBXBuildFile; fileRef = BA3493351B6AD8FB00800939 /* ShareExtension.appex */; settings = {ATTRIBUTES = (RemoveHeadersOnCopy, ); }; };
		BA3493471B6BFE4D00800939 /* Note.swift in Sources */ = {isa = PBXBuildFile; fileRef = BA3493131B680EFA00800939 /* Note.swift */; };
		BAFE33B21B7291D5009DE178 /* BlocNotes.xcdatamodeld in Sources */ = {isa = PBXBuildFile; fileRef = BAFE33B01B7291D5009DE178 /* BlocNotes.xcdatamodeld */; };
/* End PBXBuildFile section */

/* Begin PBXContainerItemProxy section */
		BA3492FE1B66E74600800939 /* PBXContainerItemProxy */ = {
			isa = PBXContainerItemProxy;
			containerPortal = BA3492DB1B66E74600800939 /* Project object */;
			proxyType = 1;
			remoteGlobalIDString = BA3492E21B66E74600800939;
			remoteInfo = BlocNotes;
		};
		BA34933D1B6AD8FB00800939 /* PBXContainerItemProxy */ = {
			isa = PBXContainerItemProxy;
			containerPortal = BA3492DB1B66E74600800939 /* Project object */;
			proxyType = 1;
			remoteGlobalIDString = BA3493341B6AD8FB00800939;
			remoteInfo = ShareExtension;
		};
/* End PBXContainerItemProxy section */

/* Begin PBXCopyFilesBuildPhase section */
		BA3493431B6AD8FB00800939 /* Embed App Extensions */ = {
			isa = PBXCopyFilesBuildPhase;
			buildActionMask = 2147483647;
			dstPath = "";
			dstSubfolderSpec = 13;
			files = (
				BA34933F1B6AD8FB00800939 /* ShareExtension.appex in Embed App Extensions */,
			);
			name = "Embed App Extensions";
			runOnlyForDeploymentPostprocessing = 0;
		};
/* End PBXCopyFilesBuildPhase section */

/* Begin PBXFileReference section */
		BA3492E31B66E74600800939 /* BlocNotes.app */ = {isa = PBXFileReference; explicitFileType = wrapper.application; includeInIndex = 0; path = BlocNotes.app; sourceTree = BUILT_PRODUCTS_DIR; };
		BA3492E71B66E74600800939 /* Info.plist */ = {isa = PBXFileReference; lastKnownFileType = text.plist.xml; path = Info.plist; sourceTree = "<group>"; };
		BA3492E81B66E74600800939 /* AppDelegate.swift */ = {isa = PBXFileReference; lastKnownFileType = sourcecode.swift; path = AppDelegate.swift; sourceTree = "<group>"; };
		BA3492ED1B66E74600800939 /* MasterViewController.swift */ = {isa = PBXFileReference; lastKnownFileType = sourcecode.swift; path = MasterViewController.swift; sourceTree = "<group>"; };
		BA3492EF1B66E74600800939 /* DetailViewController.swift */ = {isa = PBXFileReference; lastKnownFileType = sourcecode.swift; path = DetailViewController.swift; sourceTree = "<group>"; };
		BA3492F21B66E74600800939 /* Base */ = {isa = PBXFileReference; lastKnownFileType = file.storyboard; name = Base; path = Base.lproj/Main.storyboard; sourceTree = "<group>"; };
		BA3492F41B66E74600800939 /* Images.xcassets */ = {isa = PBXFileReference; lastKnownFileType = folder.assetcatalog; path = Images.xcassets; sourceTree = "<group>"; };
		BA3492F71B66E74600800939 /* Base */ = {isa = PBXFileReference; lastKnownFileType = file.xib; name = Base; path = Base.lproj/LaunchScreen.xib; sourceTree = "<group>"; };
		BA3492FD1B66E74600800939 /* BlocNotesTests.xctest */ = {isa = PBXFileReference; explicitFileType = wrapper.cfbundle; includeInIndex = 0; path = BlocNotesTests.xctest; sourceTree = BUILT_PRODUCTS_DIR; };
		BA3493021B66E74600800939 /* Info.plist */ = {isa = PBXFileReference; lastKnownFileType = text.plist.xml; path = Info.plist; sourceTree = "<group>"; };
		BA3493031B66E74600800939 /* BlocNotesTests.swift */ = {isa = PBXFileReference; lastKnownFileType = sourcecode.swift; path = BlocNotesTests.swift; sourceTree = "<group>"; };
		BA3493131B680EFA00800939 /* Note.swift */ = {isa = PBXFileReference; fileEncoding = 4; lastKnownFileType = sourcecode.swift; path = Note.swift; sourceTree = "<group>"; };
		BA3493351B6AD8FB00800939 /* ShareExtension.appex */ = {isa = PBXFileReference; explicitFileType = "wrapper.app-extension"; includeInIndex = 0; path = ShareExtension.appex; sourceTree = BUILT_PRODUCTS_DIR; };
		BA3493381B6AD8FB00800939 /* Info.plist */ = {isa = PBXFileReference; lastKnownFileType = text.plist.xml; path = Info.plist; sourceTree = "<group>"; };
		BA3493391B6AD8FB00800939 /* ShareViewController.swift */ = {isa = PBXFileReference; lastKnownFileType = sourcecode.swift; path = ShareViewController.swift; sourceTree = "<group>"; };
		BA34933B1B6AD8FB00800939 /* MainInterface.storyboard */ = {isa = PBXFileReference; lastKnownFileType = file.storyboard; path = MainInterface.storyboard; sourceTree = "<group>"; };
		BA3493441B6AD9F300800939 /* ShareExtension.entitlements */ = {isa = PBXFileReference; lastKnownFileType = text.xml; path = ShareExtension.entitlements; sourceTree = "<group>"; };
		BA3493451B6AD9FC00800939 /* BlocNotes.entitlements */ = {isa = PBXFileReference; lastKnownFileType = text.xml; path = BlocNotes.entitlements; sourceTree = "<group>"; };
		BAFE33B11B7291D5009DE178 /* BlocNotes.xcdatamodel */ = {isa = PBXFileReference; lastKnownFileType = wrapper.xcdatamodel; path = BlocNotes.xcdatamodel; sourceTree = "<group>"; };
/* End PBXFileReference section */

/* Begin PBXFrameworksBuildPhase section */
		BA3492E01B66E74600800939 /* Frameworks */ = {
			isa = PBXFrameworksBuildPhase;
			buildActionMask = 2147483647;
			files = (
			);
			runOnlyForDeploymentPostprocessing = 0;
		};
		BA3492FA1B66E74600800939 /* Frameworks */ = {
			isa = PBXFrameworksBuildPhase;
			buildActionMask = 2147483647;
			files = (
			);
			runOnlyForDeploymentPostprocessing = 0;
		};
		BA3493321B6AD8FB00800939 /* Frameworks */ = {
			isa = PBXFrameworksBuildPhase;
			buildActionMask = 2147483647;
			files = (
			);
			runOnlyForDeploymentPostprocessing = 0;
		};
/* End PBXFrameworksBuildPhase section */

/* Begin PBXGroup section */
		BA3492DA1B66E74600800939 = {
			isa = PBXGroup;
			children = (
				BA3492E51B66E74600800939 /* BlocNotes */,
				BA3493001B66E74600800939 /* BlocNotesTests */,
				BA3493361B6AD8FB00800939 /* ShareExtension */,
				BA3492E41B66E74600800939 /* Products */,
			);
			sourceTree = "<group>";
		};
		BA3492E41B66E74600800939 /* Products */ = {
			isa = PBXGroup;
			children = (
				BA3492E31B66E74600800939 /* BlocNotes.app */,
				BA3492FD1B66E74600800939 /* BlocNotesTests.xctest */,
				BA3493351B6AD8FB00800939 /* ShareExtension.appex */,
			);
			name = Products;
			sourceTree = "<group>";
		};
		BA3492E51B66E74600800939 /* BlocNotes */ = {
			isa = PBXGroup;
			children = (
				BA3493451B6AD9FC00800939 /* BlocNotes.entitlements */,
				BA3492E81B66E74600800939 /* AppDelegate.swift */,
				BA3492ED1B66E74600800939 /* MasterViewController.swift */,
				BA3492EF1B66E74600800939 /* DetailViewController.swift */,
				BA3493131B680EFA00800939 /* Note.swift */,
				BAFE33B01B7291D5009DE178 /* BlocNotes.xcdatamodeld */,
				BA3492F11B66E74600800939 /* Main.storyboard */,
				BA3492F61B66E74600800939 /* LaunchScreen.xib */,
				BA3492F41B66E74600800939 /* Images.xcassets */,
				BA3492E61B66E74600800939 /* Supporting Files */,
			);
			path = BlocNotes;
			sourceTree = "<group>";
		};
		BA3492E61B66E74600800939 /* Supporting Files */ = {
			isa = PBXGroup;
			children = (
				BA3492E71B66E74600800939 /* Info.plist */,
			);
			name = "Supporting Files";
			sourceTree = "<group>";
		};
		BA3493001B66E74600800939 /* BlocNotesTests */ = {
			isa = PBXGroup;
			children = (
				BA3493031B66E74600800939 /* BlocNotesTests.swift */,
				BA3493011B66E74600800939 /* Supporting Files */,
			);
			path = BlocNotesTests;
			sourceTree = "<group>";
		};
		BA3493011B66E74600800939 /* Supporting Files */ = {
			isa = PBXGroup;
			children = (
				BA3493021B66E74600800939 /* Info.plist */,
			);
			name = "Supporting Files";
			sourceTree = "<group>";
		};
		BA3493361B6AD8FB00800939 /* ShareExtension */ = {
			isa = PBXGroup;
			children = (
				BA3493441B6AD9F300800939 /* ShareExtension.entitlements */,
				BA3493391B6AD8FB00800939 /* ShareViewController.swift */,
				BA34933B1B6AD8FB00800939 /* MainInterface.storyboard */,
				BA3493371B6AD8FB00800939 /* Supporting Files */,
			);
			path = ShareExtension;
			sourceTree = "<group>";
		};
		BA3493371B6AD8FB00800939 /* Supporting Files */ = {
			isa = PBXGroup;
			children = (
				BA3493381B6AD8FB00800939 /* Info.plist */,
			);
			name = "Supporting Files";
			sourceTree = "<group>";
		};
/* End PBXGroup section */

/* Begin PBXNativeTarget section */
		BA3492E21B66E74600800939 /* BlocNotes */ = {
			isa = PBXNativeTarget;
			buildConfigurationList = BA3493071B66E74600800939 /* Build configuration list for PBXNativeTarget "BlocNotes" */;
			buildPhases = (
				BA3492DF1B66E74600800939 /* Sources */,
				BA3492E01B66E74600800939 /* Frameworks */,
				BA3492E11B66E74600800939 /* Resources */,
				BA3493431B6AD8FB00800939 /* Embed App Extensions */,
			);
			buildRules = (
			);
			dependencies = (
				BA34933E1B6AD8FB00800939 /* PBXTargetDependency */,
			);
			name = BlocNotes;
			productName = BlocNotes;
			productReference = BA3492E31B66E74600800939 /* BlocNotes.app */;
			productType = "com.apple.product-type.application";
		};
		BA3492FC1B66E74600800939 /* BlocNotesTests */ = {
			isa = PBXNativeTarget;
			buildConfigurationList = BA34930A1B66E74600800939 /* Build configuration list for PBXNativeTarget "BlocNotesTests" */;
			buildPhases = (
				BA3492F91B66E74600800939 /* Sources */,
				BA3492FA1B66E74600800939 /* Frameworks */,
				BA3492FB1B66E74600800939 /* Resources */,
			);
			buildRules = (
			);
			dependencies = (
				BA3492FF1B66E74600800939 /* PBXTargetDependency */,
			);
			name = BlocNotesTests;
			productName = BlocNotesTests;
			productReference = BA3492FD1B66E74600800939 /* BlocNotesTests.xctest */;
			productType = "com.apple.product-type.bundle.unit-test";
		};
		BA3493341B6AD8FB00800939 /* ShareExtension */ = {
			isa = PBXNativeTarget;
			buildConfigurationList = BA3493401B6AD8FB00800939 /* Build configuration list for PBXNativeTarget "ShareExtension" */;
			buildPhases = (
				BA3493311B6AD8FB00800939 /* Sources */,
				BA3493321B6AD8FB00800939 /* Frameworks */,
				BA3493331B6AD8FB00800939 /* Resources */,
			);
			buildRules = (
			);
			dependencies = (
			);
			name = ShareExtension;
			productName = ShareExtension;
			productReference = BA3493351B6AD8FB00800939 /* ShareExtension.appex */;
			productType = "com.apple.product-type.app-extension";
		};
/* End PBXNativeTarget section */

/* Begin PBXProject section */
		BA3492DB1B66E74600800939 /* Project object */ = {
			isa = PBXProject;
			attributes = {
				LastUpgradeCheck = 0640;
				ORGANIZATIONNAME = "Charles Wesley Cho";
				TargetAttributes = {
					BA3492E21B66E74600800939 = {
						CreatedOnToolsVersion = 6.4;
						DevelopmentTeam = K622334C2L;
						SystemCapabilities = {
							com.apple.ApplicationGroups.iOS = {
								enabled = 1;
							};
						};
					};
					BA3492FC1B66E74600800939 = {
						CreatedOnToolsVersion = 6.4;
						TestTargetID = BA3492E21B66E74600800939;
					};
					BA3493341B6AD8FB00800939 = {
						CreatedOnToolsVersion = 6.4;
						DevelopmentTeam = K622334C2L;
						SystemCapabilities = {
							com.apple.ApplicationGroups.iOS = {
								enabled = 1;
							};
						};
					};
				};
			};
			buildConfigurationList = BA3492DE1B66E74600800939 /* Build configuration list for PBXProject "BlocNotes" */;
			compatibilityVersion = "Xcode 3.2";
			developmentRegion = English;
			hasScannedForEncodings = 0;
			knownRegions = (
				en,
				Base,
			);
			mainGroup = BA3492DA1B66E74600800939;
			productRefGroup = BA3492E41B66E74600800939 /* Products */;
			projectDirPath = "";
			projectRoot = "";
			targets = (
				BA3492E21B66E74600800939 /* BlocNotes */,
				BA3492FC1B66E74600800939 /* BlocNotesTests */,
				BA3493341B6AD8FB00800939 /* ShareExtension */,
			);
		};
/* End PBXProject section */

/* Begin PBXResourcesBuildPhase section */
		BA3492E11B66E74600800939 /* Resources */ = {
			isa = PBXResourcesBuildPhase;
			buildActionMask = 2147483647;
			files = (
				BA3492F31B66E74600800939 /* Main.storyboard in Resources */,
				BA3492F81B66E74600800939 /* LaunchScreen.xib in Resources */,
				BA3492F51B66E74600800939 /* Images.xcassets in Resources */,
			);
			runOnlyForDeploymentPostprocessing = 0;
		};
		BA3492FB1B66E74600800939 /* Resources */ = {
			isa = PBXResourcesBuildPhase;
			buildActionMask = 2147483647;
			files = (
			);
			runOnlyForDeploymentPostprocessing = 0;
		};
		BA3493331B6AD8FB00800939 /* Resources */ = {
			isa = PBXResourcesBuildPhase;
			buildActionMask = 2147483647;
			files = (
				BA34933C1B6AD8FB00800939 /* MainInterface.storyboard in Resources */,
			);
			runOnlyForDeploymentPostprocessing = 0;
		};
/* End PBXResourcesBuildPhase section */

/* Begin PBXSourcesBuildPhase section */
		BA3492DF1B66E74600800939 /* Sources */ = {
			isa = PBXSourcesBuildPhase;
			buildActionMask = 2147483647;
			files = (
				BA3493141B680EFA00800939 /* Note.swift in Sources */,
				BA3492E91B66E74600800939 /* AppDelegate.swift in Sources */,
				BAFE33B21B7291D5009DE178 /* BlocNotes.xcdatamodeld in Sources */,
				BA3492EE1B66E74600800939 /* MasterViewController.swift in Sources */,
				BA3492F01B66E74600800939 /* DetailViewController.swift in Sources */,
			);
			runOnlyForDeploymentPostprocessing = 0;
		};
		BA3492F91B66E74600800939 /* Sources */ = {
			isa = PBXSourcesBuildPhase;
			buildActionMask = 2147483647;
			files = (
				BA3493041B66E74600800939 /* BlocNotesTests.swift in Sources */,
			);
			runOnlyForDeploymentPostprocessing = 0;
		};
		BA3493311B6AD8FB00800939 /* Sources */ = {
			isa = PBXSourcesBuildPhase;
			buildActionMask = 2147483647;
			files = (
				BA34933A1B6AD8FB00800939 /* ShareViewController.swift in Sources */,
				BA3493471B6BFE4D00800939 /* Note.swift in Sources */,
			);
			runOnlyForDeploymentPostprocessing = 0;
		};
/* End PBXSourcesBuildPhase section */

/* Begin PBXTargetDependency section */
		BA3492FF1B66E74600800939 /* PBXTargetDependency */ = {
			isa = PBXTargetDependency;
			target = BA3492E21B66E74600800939 /* BlocNotes */;
			targetProxy = BA3492FE1B66E74600800939 /* PBXContainerItemProxy */;
		};
		BA34933E1B6AD8FB00800939 /* PBXTargetDependency */ = {
			isa = PBXTargetDependency;
			target = BA3493341B6AD8FB00800939 /* ShareExtension */;
			targetProxy = BA34933D1B6AD8FB00800939 /* PBXContainerItemProxy */;
		};
/* End PBXTargetDependency section */

/* Begin PBXVariantGroup section */
		BA3492F11B66E74600800939 /* Main.storyboard */ = {
			isa = PBXVariantGroup;
			children = (
				BA3492F21B66E74600800939 /* Base */,
			);
			name = Main.storyboard;
			sourceTree = "<group>";
		};
		BA3492F61B66E74600800939 /* LaunchScreen.xib */ = {
			isa = PBXVariantGroup;
			children = (
				BA3492F71B66E74600800939 /* Base */,
			);
			name = LaunchScreen.xib;
			sourceTree = "<group>";
		};
/* End PBXVariantGroup section */

/* Begin XCBuildConfiguration section */
		BA3493051B66E74600800939 /* Debug */ = {
			isa = XCBuildConfiguration;
			buildSettings = {
				ALWAYS_SEARCH_USER_PATHS = NO;
				CLANG_CXX_LANGUAGE_STANDARD = "gnu++0x";
				CLANG_CXX_LIBRARY = "libc++";
				CLANG_ENABLE_MODULES = YES;
				CLANG_ENABLE_OBJC_ARC = YES;
				CLANG_WARN_BOOL_CONVERSION = YES;
				CLANG_WARN_CONSTANT_CONVERSION = YES;
				CLANG_WARN_DIRECT_OBJC_ISA_USAGE = YES_ERROR;
				CLANG_WARN_EMPTY_BODY = YES;
				CLANG_WARN_ENUM_CONVERSION = YES;
				CLANG_WARN_INT_CONVERSION = YES;
				CLANG_WARN_OBJC_ROOT_CLASS = YES_ERROR;
				CLANG_WARN_UNREACHABLE_CODE = YES;
				CLANG_WARN__DUPLICATE_METHOD_MATCH = YES;
				"CODE_SIGN_IDENTITY[sdk=iphoneos*]" = "iPhone Developer";
				COPY_PHASE_STRIP = NO;
				DEBUG_INFORMATION_FORMAT = "dwarf-with-dsym";
				ENABLE_STRICT_OBJC_MSGSEND = YES;
				GCC_C_LANGUAGE_STANDARD = gnu99;
				GCC_DYNAMIC_NO_PIC = NO;
				GCC_NO_COMMON_BLOCKS = YES;
				GCC_OPTIMIZATION_LEVEL = 0;
				GCC_PREPROCESSOR_DEFINITIONS = (
					"DEBUG=1",
					"$(inherited)",
				);
				GCC_SYMBOLS_PRIVATE_EXTERN = NO;
				GCC_WARN_64_TO_32_BIT_CONVERSION = YES;
				GCC_WARN_ABOUT_RETURN_TYPE = YES_ERROR;
				GCC_WARN_UNDECLARED_SELECTOR = YES;
				GCC_WARN_UNINITIALIZED_AUTOS = YES_AGGRESSIVE;
				GCC_WARN_UNUSED_FUNCTION = YES;
				GCC_WARN_UNUSED_VARIABLE = YES;
				IPHONEOS_DEPLOYMENT_TARGET = 8.4;
				MTL_ENABLE_DEBUG_INFO = YES;
				ONLY_ACTIVE_ARCH = YES;
				SDKROOT = iphoneos;
				SWIFT_OPTIMIZATION_LEVEL = "-Onone";
			};
			name = Debug;
		};
		BA3493061B66E74600800939 /* Release */ = {
			isa = XCBuildConfiguration;
			buildSettings = {
				ALWAYS_SEARCH_USER_PATHS = NO;
				CLANG_CXX_LANGUAGE_STANDARD = "gnu++0x";
				CLANG_CXX_LIBRARY = "libc++";
				CLANG_ENABLE_MODULES = YES;
				CLANG_ENABLE_OBJC_ARC = YES;
				CLANG_WARN_BOOL_CONVERSION = YES;
				CLANG_WARN_CONSTANT_CONVERSION = YES;
				CLANG_WARN_DIRECT_OBJC_ISA_USAGE = YES_ERROR;
				CLANG_WARN_EMPTY_BODY = YES;
				CLANG_WARN_ENUM_CONVERSION = YES;
				CLANG_WARN_INT_CONVERSION = YES;
				CLANG_WARN_OBJC_ROOT_CLASS = YES_ERROR;
				CLANG_WARN_UNREACHABLE_CODE = YES;
				CLANG_WARN__DUPLICATE_METHOD_MATCH = YES;
				"CODE_SIGN_IDENTITY[sdk=iphoneos*]" = "iPhone Developer";
				COPY_PHASE_STRIP = NO;
				DEBUG_INFORMATION_FORMAT = "dwarf-with-dsym";
				ENABLE_NS_ASSERTIONS = NO;
				ENABLE_STRICT_OBJC_MSGSEND = YES;
				GCC_C_LANGUAGE_STANDARD = gnu99;
				GCC_NO_COMMON_BLOCKS = YES;
				GCC_WARN_64_TO_32_BIT_CONVERSION = YES;
				GCC_WARN_ABOUT_RETURN_TYPE = YES_ERROR;
				GCC_WARN_UNDECLARED_SELECTOR = YES;
				GCC_WARN_UNINITIALIZED_AUTOS = YES_AGGRESSIVE;
				GCC_WARN_UNUSED_FUNCTION = YES;
				GCC_WARN_UNUSED_VARIABLE = YES;
				IPHONEOS_DEPLOYMENT_TARGET = 8.4;
				MTL_ENABLE_DEBUG_INFO = NO;
				SDKROOT = iphoneos;
				VALIDATE_PRODUCT = YES;
			};
			name = Release;
		};
		BA3493081B66E74600800939 /* Debug */ = {
			isa = XCBuildConfiguration;
			buildSettings = {
				ASSETCATALOG_COMPILER_APPICON_NAME = AppIcon;
				CODE_SIGN_ENTITLEMENTS = BlocNotes/BlocNotes.entitlements;
				INFOPLIST_FILE = BlocNotes/Info.plist;
				LD_RUNPATH_SEARCH_PATHS = "$(inherited) @executable_path/Frameworks";
				PRODUCT_NAME = "$(TARGET_NAME)";
			};
			name = Debug;
		};
		BA3493091B66E74600800939 /* Release */ = {
			isa = XCBuildConfiguration;
			buildSettings = {
				ASSETCATALOG_COMPILER_APPICON_NAME = AppIcon;
				CODE_SIGN_ENTITLEMENTS = BlocNotes/BlocNotes.entitlements;
				INFOPLIST_FILE = BlocNotes/Info.plist;
				LD_RUNPATH_SEARCH_PATHS = "$(inherited) @executable_path/Frameworks";
				PRODUCT_NAME = "$(TARGET_NAME)";
			};
			name = Release;
		};
		BA34930B1B66E74600800939 /* Debug */ = {
			isa = XCBuildConfiguration;
			buildSettings = {
				BUNDLE_LOADER = "$(TEST_HOST)";
				FRAMEWORK_SEARCH_PATHS = (
					"$(SDKROOT)/Developer/Library/Frameworks",
					"$(inherited)",
				);
				GCC_PREPROCESSOR_DEFINITIONS = (
					"DEBUG=1",
					"$(inherited)",
				);
				INFOPLIST_FILE = BlocNotesTests/Info.plist;
				LD_RUNPATH_SEARCH_PATHS = "$(inherited) @executable_path/Frameworks @loader_path/Frameworks";
				PRODUCT_NAME = "$(TARGET_NAME)";
				TEST_HOST = "$(BUILT_PRODUCTS_DIR)/BlocNotes.app/BlocNotes";
			};
			name = Debug;
		};
		BA34930C1B66E74600800939 /* Release */ = {
			isa = XCBuildConfiguration;
			buildSettings = {
				BUNDLE_LOADER = "$(TEST_HOST)";
				FRAMEWORK_SEARCH_PATHS = (
					"$(SDKROOT)/Developer/Library/Frameworks",
					"$(inherited)",
				);
				INFOPLIST_FILE = BlocNotesTests/Info.plist;
				LD_RUNPATH_SEARCH_PATHS = "$(inherited) @executable_path/Frameworks @loader_path/Frameworks";
				PRODUCT_NAME = "$(TARGET_NAME)";
				TEST_HOST = "$(BUILT_PRODUCTS_DIR)/BlocNotes.app/BlocNotes";
			};
			name = Release;
		};
		BA3493411B6AD8FB00800939 /* Debug */ = {
			isa = XCBuildConfiguration;
			buildSettings = {
				CODE_SIGN_ENTITLEMENTS = ShareExtension/ShareExtension.entitlements;
				CODE_SIGN_IDENTITY = "iPhone Developer";
				"CODE_SIGN_IDENTITY[sdk=iphoneos*]" = "iPhone Developer";
				GCC_PREPROCESSOR_DEFINITIONS = (
					"DEBUG=1",
					"$(inherited)",
				);
				INFOPLIST_FILE = ShareExtension/Info.plist;
				LD_RUNPATH_SEARCH_PATHS = "$(inherited) @executable_path/Frameworks @executable_path/../../Frameworks";
				PRODUCT_NAME = "$(TARGET_NAME)";
				PROVISIONING_PROFILE = "";
				SKIP_INSTALL = YES;
			};
			name = Debug;
		};
		BA3493421B6AD8FB00800939 /* Release */ = {
			isa = XCBuildConfiguration;
			buildSettings = {
				CODE_SIGN_ENTITLEMENTS = ShareExtension/ShareExtension.entitlements;
				CODE_SIGN_IDENTITY = "iPhone Developer";
				"CODE_SIGN_IDENTITY[sdk=iphoneos*]" = "iPhone Developer";
				INFOPLIST_FILE = ShareExtension/Info.plist;
				LD_RUNPATH_SEARCH_PATHS = "$(inherited) @executable_path/Frameworks @executable_path/../../Frameworks";
				PRODUCT_NAME = "$(TARGET_NAME)";
				PROVISIONING_PROFILE = "";
				SKIP_INSTALL = YES;
			};
			name = Release;
		};
/* End XCBuildConfiguration section */

/* Begin XCConfigurationList section */
		BA3492DE1B66E74600800939 /* Build configuration list for PBXProject "BlocNotes" */ = {
			isa = XCConfigurationList;
			buildConfigurations = (
				BA3493051B66E74600800939 /* Debug */,
				BA3493061B66E74600800939 /* Release */,
			);
			defaultConfigurationIsVisible = 0;
			defaultConfigurationName = Release;
		};
		BA3493071B66E74600800939 /* Build configuration list for PBXNativeTarget "BlocNotes" */ = {
			isa = XCConfigurationList;
			buildConfigurations = (
				BA3493081B66E74600800939 /* Debug */,
				BA3493091B66E74600800939 /* Release */,
			);
			defaultConfigurationIsVisible = 0;
			defaultConfigurationName = Release;
		};
		BA34930A1B66E74600800939 /* Build configuration list for PBXNativeTarget "BlocNotesTests" */ = {
			isa = XCConfigurationList;
			buildConfigurations = (
				BA34930B1B66E74600800939 /* Debug */,
				BA34930C1B66E74600800939 /* Release */,
			);
			defaultConfigurationIsVisible = 0;
			defaultConfigurationName = Release;
		};
		BA3493401B6AD8FB00800939 /* Build configuration list for PBXNativeTarget "ShareExtension" */ = {
			isa = XCConfigurationList;
			buildConfigurations = (
				BA3493411B6AD8FB00800939 /* Debug */,
				BA3493421B6AD8FB00800939 /* Release */,
			);
			defaultConfigurationIsVisible = 0;
			defaultConfigurationName = Release;
		};
/* End XCConfigurationList section */

/* Begin XCVersionGroup section */
		BAFE33B01B7291D5009DE178 /* BlocNotes.xcdatamodeld */ = {
			isa = XCVersionGroup;
			children = (
				BAFE33B11B7291D5009DE178 /* BlocNotes.xcdatamodel */,
			);
			currentVersion = BAFE33B11B7291D5009DE178 /* BlocNotes.xcdatamodel */;
			path = BlocNotes.xcdatamodeld;
			sourceTree = "<group>";
			versionGroupType = wrapper.xcdatamodel;
		};
/* End XCVersionGroup section */
	};
	rootObject = BA3492DB1B66E74600800939 /* Project object */;
}
